
Microsoft Visual Studio Solution File, Format Version 12.00
# Visual Studio Version 16
VisualStudioVersion = 16.0.30309.148
MinimumVisualStudioVersion = 10.0.40219.1
Project("{9A19103F-16F7-4668-BE54-9A1E7A4F7556}") = "DbReflector", "DbReflector\DbReflector.csproj", "{E5BD510B-496C-489C-9B5F-4A9D4DED3FC8}"
EndProject
Project("{9A19103F-16F7-4668-BE54-9A1E7A4F7556}") = "DbReflector.UnitTesting", "DbReflector.UnitTesting\DbReflector.UnitTesting.csproj", "{FF650907-66FD-4E4D-954E-012457CB2AAB}"
EndProject
Project("{9A19103F-16F7-4668-BE54-9A1E7A4F7556}") = "DbReflector.Common", "DbReflector.Common\DbReflector.Common.csproj", "{DC26DDC9-8957-4A37-80B4-24D502EE892F}"
EndProject
Project("{FAE04EC0-301F-11D3-BF4B-00C04F79EFBC}") = "ConsoleApp1", "ConsoleApp1\ConsoleApp1.csproj", "{68F0131B-0688-437F-A76B-A6B164958D6B}"
EndProject
Global
	GlobalSection(SolutionConfigurationPlatforms) = preSolution
		Debug|Any CPU = Debug|Any CPU
		Release|Any CPU = Release|Any CPU
	EndGlobalSection
	GlobalSection(ProjectConfigurationPlatforms) = postSolution
		{E5BD510B-496C-489C-9B5F-4A9D4DED3FC8}.Debug|Any CPU.ActiveCfg = Debug|Any CPU
		{E5BD510B-496C-489C-9B5F-4A9D4DED3FC8}.Debug|Any CPU.Build.0 = Debug|Any CPU
		{E5BD510B-496C-489C-9B5F-4A9D4DED3FC8}.Release|Any CPU.ActiveCfg = Release|Any CPU
		{E5BD510B-496C-489C-9B5F-4A9D4DED3FC8}.Release|Any CPU.Build.0 = Release|Any CPU
		{FF650907-66FD-4E4D-954E-012457CB2AAB}.Debug|Any CPU.ActiveCfg = Debug|Any CPU
		{FF650907-66FD-4E4D-954E-012457CB2AAB}.Debug|Any CPU.Build.0 = Debug|Any CPU
		{FF650907-66FD-4E4D-954E-012457CB2AAB}.Release|Any CPU.ActiveCfg = Release|Any CPU
		{FF650907-66FD-4E4D-954E-012457CB2AAB}.Release|Any CPU.Build.0 = Release|Any CPU
		{DC26DDC9-8957-4A37-80B4-24D502EE892F}.Debug|Any CPU.ActiveCfg = Debug|Any CPU
		{DC26DDC9-8957-4A37-80B4-24D502EE892F}.Debug|Any CPU.Build.0 = Debug|Any CPU
		{DC26DDC9-8957-4A37-80B4-24D502EE892F}.Release|Any CPU.ActiveCfg = Release|Any CPU
		{DC26DDC9-8957-4A37-80B4-24D502EE892F}.Release|Any CPU.Build.0 = Release|Any CPU
		{68F0131B-0688-437F-A76B-A6B164958D6B}.Debug|Any CPU.ActiveCfg = Debug|Any CPU
		{68F0131B-0688-437F-A76B-A6B164958D6B}.Debug|Any CPU.Build.0 = Debug|Any CPU
		{68F0131B-0688-437F-A76B-A6B164958D6B}.Release|Any CPU.ActiveCfg = Release|Any CPU
		{68F0131B-0688-437F-A76B-A6B164958D6B}.Release|Any CPU.Build.0 = Release|Any CPU
	EndGlobalSection
	GlobalSection(SolutionProperties) = preSolution
		HideSolutionNode = FALSE
	EndGlobalSection
	GlobalSection(ExtensibilityGlobals) = postSolution
		SolutionGuid = {F4A88997-707C-4390-B676-1FFCE77E3D09}
	EndGlobalSection
EndGlobal
